
Microsoft Visual Studio Solution File, Format Version 12.00
# Visual Studio Version 17
VisualStudioVersion = 17.6.33712.159
MinimumVisualStudioVersion = 10.0.40219.1
Project("{9A19103F-16F7-4668-BE54-9A1E7A4F7556}") = "1. Diagonal Difference", "ConsoleApp1\1. Diagonal Difference.csproj", "{FAF165DB-A185-4A96-80C5-642E14B66770}"
EndProject
Project("{9A19103F-16F7-4668-BE54-9A1E7A4F7556}") = "2. Squares in Matrix", "2. Squares in Matrix\2. Squares in Matrix.csproj", "{626A26FB-FCE1-40B4-9242-9038E1827893}"
EndProject
Project("{9A19103F-16F7-4668-BE54-9A1E7A4F7556}") = "3. Maximal Sum", "3. Maximal Sum\3. Maximal Sum.csproj", "{387F6B64-1F18-4BCE-8D91-49520BC3E89D}"
EndProject
Project("{9A19103F-16F7-4668-BE54-9A1E7A4F7556}") = "4. Matrix Shuffling", "..\4. Matrix Shuffling\4. Matrix Shuffling.csproj", "{B3B100EB-79AA-4CD7-A3B8-F7A3153E4A14}"
EndProject
Project("{FAE04EC0-301F-11D3-BF4B-00C04F79EFBC}") = "6. Jagged Array Manipulator", "6. Jagged Array Manipulator\6. Jagged Array Manipulator.csproj", "{B647D2DE-9A6C-4D7E-858D-2BE892975573}"
EndProject
Global
	GlobalSection(SolutionConfigurationPlatforms) = preSolution
		Debug|Any CPU = Debug|Any CPU
		Release|Any CPU = Release|Any CPU
	EndGlobalSection
	GlobalSection(ProjectConfigurationPlatforms) = postSolution
		{FAF165DB-A185-4A96-80C5-642E14B66770}.Debug|Any CPU.ActiveCfg = Debug|Any CPU
		{FAF165DB-A185-4A96-80C5-642E14B66770}.Debug|Any CPU.Build.0 = Debug|Any CPU
		{FAF165DB-A185-4A96-80C5-642E14B66770}.Release|Any CPU.ActiveCfg = Release|Any CPU
		{FAF165DB-A185-4A96-80C5-642E14B66770}.Release|Any CPU.Build.0 = Release|Any CPU
		{626A26FB-FCE1-40B4-9242-9038E1827893}.Debug|Any CPU.ActiveCfg = Debug|Any CPU
		{626A26FB-FCE1-40B4-9242-9038E1827893}.Debug|Any CPU.Build.0 = Debug|Any CPU
		{626A26FB-FCE1-40B4-9242-9038E1827893}.Release|Any CPU.ActiveCfg = Release|Any CPU
		{626A26FB-FCE1-40B4-9242-9038E1827893}.Release|Any CPU.Build.0 = Release|Any CPU
		{387F6B64-1F18-4BCE-8D91-49520BC3E89D}.Debug|Any CPU.ActiveCfg = Debug|Any CPU
		{387F6B64-1F18-4BCE-8D91-49520BC3E89D}.Debug|Any CPU.Build.0 = Debug|Any CPU
		{387F6B64-1F18-4BCE-8D91-49520BC3E89D}.Release|Any CPU.ActiveCfg = Release|Any CPU
		{387F6B64-1F18-4BCE-8D91-49520BC3E89D}.Release|Any CPU.Build.0 = Release|Any CPU
		{B3B100EB-79AA-4CD7-A3B8-F7A3153E4A14}.Debug|Any CPU.ActiveCfg = Debug|Any CPU
		{B3B100EB-79AA-4CD7-A3B8-F7A3153E4A14}.Debug|Any CPU.Build.0 = Debug|Any CPU
		{B3B100EB-79AA-4CD7-A3B8-F7A3153E4A14}.Release|Any CPU.ActiveCfg = Release|Any CPU
		{B3B100EB-79AA-4CD7-A3B8-F7A3153E4A14}.Release|Any CPU.Build.0 = Release|Any CPU
		{B647D2DE-9A6C-4D7E-858D-2BE892975573}.Debug|Any CPU.ActiveCfg = Debug|Any CPU
		{B647D2DE-9A6C-4D7E-858D-2BE892975573}.Debug|Any CPU.Build.0 = Debug|Any CPU
		{B647D2DE-9A6C-4D7E-858D-2BE892975573}.Release|Any CPU.ActiveCfg = Release|Any CPU
		{B647D2DE-9A6C-4D7E-858D-2BE892975573}.Release|Any CPU.Build.0 = Release|Any CPU
	EndGlobalSection
	GlobalSection(SolutionProperties) = preSolution
		HideSolutionNode = FALSE
	EndGlobalSection
	GlobalSection(ExtensibilityGlobals) = postSolution
		SolutionGuid = {50D63D7B-F75B-45A8-A804-51960953FFC7}
	EndGlobalSection
EndGlobal
